
Microsoft Visual Studio Solution File, Format Version 12.00
Project("{FAE04EC0-301F-11D3-BF4B-00C04F79EFBC}") = "AiSearch", "AiSearch\AiSearch.csproj", "{3B280725-C1B5-48AF-B83C-7FC7CB599F8A}"
EndProject
Project("{2150E333-8FDC-42A3-9474-1A3956D46DE8}") = "Solution Items", "Solution Items", "{5C2E71E8-5861-4AF4-B481-D2A01005DC59}"
	ProjectSection(SolutionItems) = preProject
		docker-compose.yml = docker-compose.yml
	EndProjectSection
EndProject
Project("{2150E333-8FDC-42A3-9474-1A3956D46DE8}") = "src", "src", "{AEE01FDA-146E-49A7-B521-EC2F9ED523AD}"
EndProject
Project("{2150E333-8FDC-42A3-9474-1A3956D46DE8}") = "tests", "tests", "{E8C6F436-7D63-43E9-B697-A4798911D1FE}"
EndProject
Global
	GlobalSection(SolutionConfigurationPlatforms) = preSolution
		Debug|Any CPU = Debug|Any CPU
		Release|Any CPU = Release|Any CPU
	EndGlobalSection
	GlobalSection(ProjectConfigurationPlatforms) = postSolution
		{3B280725-C1B5-48AF-B83C-7FC7CB599F8A}.Debug|Any CPU.ActiveCfg = Debug|Any CPU
		{3B280725-C1B5-48AF-B83C-7FC7CB599F8A}.Debug|Any CPU.Build.0 = Debug|Any CPU
		{3B280725-C1B5-48AF-B83C-7FC7CB599F8A}.Release|Any CPU.ActiveCfg = Release|Any CPU
		{3B280725-C1B5-48AF-B83C-7FC7CB599F8A}.Release|Any CPU.Build.0 = Release|Any CPU
	EndGlobalSection
EndGlobal
