
Microsoft Visual Studio Solution File, Format Version 12.00
Project("{FAE04EC0-301F-11D3-BF4B-00C04F79EFBC}") = "AiSearch", "AiSearch\AiSearch.csproj", "{3B280725-C1B5-48AF-B83C-7FC7CB599F8A}"
EndProject
Project("{2150E333-8FDC-42A3-9474-1A3956D46DE8}") = "Solution Items", "Solution Items", "{5C2E71E8-5861-4AF4-B481-D2A01005DC59}"
	ProjectSection(SolutionItems) = preProject
		docker-compose.yml = docker-compose.yml
		docker-compose.override.yml = docker-compose.override.yml
		prometheus.yml = prometheus.yml
		identity-api.yaml = identity-api.yaml
	EndProjectSection
EndProject
Project("{2150E333-8FDC-42A3-9474-1A3956D46DE8}") = "src", "src", "{AEE01FDA-146E-49A7-B521-EC2F9ED523AD}"
EndProject
Project("{2150E333-8FDC-42A3-9474-1A3956D46DE8}") = "Gateways", "Gateways", "{35EE44B2-232C-48DD-AA63-C6400A6DE4CC}"
EndProject
Project("{2150E333-8FDC-42A3-9474-1A3956D46DE8}") = "Microservices", "Microservices", "{AE8CDA61-4041-43AF-9145-9EE7C6C057FD}"
EndProject
Project("{2150E333-8FDC-42A3-9474-1A3956D46DE8}") = "WebApps", "WebApps", "{519B05EB-18AA-43D8-8F50-678A775658AA}"
EndProject
Project("{FAE04EC0-301F-11D3-BF4B-00C04F79EFBC}") = "WebStatus", "WebStatus\WebStatus.csproj", "{3E2BD5D7-5DFF-40C6-AE30-5B2E1865CDC0}"
EndProject
Project("{2150E333-8FDC-42A3-9474-1A3956D46DE8}") = "Infrastructure", "Infrastructure", "{2877A2C1-53FE-4942-9BC7-9D7AFFC06101}"
EndProject
Project("{2150E333-8FDC-42A3-9474-1A3956D46DE8}") = "Common", "Common", "{AE2FCB8A-F04C-492B-9574-B88B07D6AFF2}"
EndProject
Project("{2150E333-8FDC-42A3-9474-1A3956D46DE8}") = "tests", "tests", "{6D65970B-BCCA-4D04-8016-7FE2EE5A03C9}"
EndProject
Project("{FAE04EC0-301F-11D3-BF4B-00C04F79EFBC}") = "Application", "Application\Application.csproj", "{F4FB9027-0FA7-4C91-823D-D356DA5FD2AE}"
EndProject
Project("{FAE04EC0-301F-11D3-BF4B-00C04F79EFBC}") = "Database.MetricsAndRabbitMessages", "Database.MetricsAndRabbitMessages\Database.MetricsAndRabbitMessages.csproj", "{CA995970-1BB1-4B0A-A1A7-608103FC305D}"
EndProject
Project("{FAE04EC0-301F-11D3-BF4B-00C04F79EFBC}") = "BackgroundTasks", "BackgroundTasks\BackgroundTasks.csproj", "{58BE6B1E-9031-4EF4-908C-09C753B79B45}"
EndProject
Project("{FAE04EC0-301F-11D3-BF4B-00C04F79EFBC}") = "Domain", "Domain\Domain.csproj", "{2B55E65D-598B-4A54-ABF1-1E0744E1E978}"
EndProject
Project("{FAE04EC0-301F-11D3-BF4B-00C04F79EFBC}") = "Infrastructure", "Infrastructure\Infrastructure.csproj", "{34F6EB33-D5F7-4E33-86FF-90A9CC39162A}"
EndProject
Project("{FAE04EC0-301F-11D3-BF4B-00C04F79EFBC}") = "Persistence", "Persistence\Persistence.csproj", "{2EB0F885-1E6A-4AD8-8050-00EEE2FB1351}"
EndProject
Project("{FAE04EC0-301F-11D3-BF4B-00C04F79EFBC}") = "RabbitMq", "RabbitMq\RabbitMq.csproj", "{CA4AC86A-1E9A-41E5-9716-B6F376C74167}"
EndProject
Project("{FAE04EC0-301F-11D3-BF4B-00C04F79EFBC}") = "ApiGateway", "ApiGateway\ApiGateway.csproj", "{3748C1AE-32B9-4A7C-AFD9-33621EAED21E}"
EndProject
Project("{FAE04EC0-301F-11D3-BF4B-00C04F79EFBC}") = "EmailService", "EmailService\EmailService.csproj", "{C36D4C49-A520-489E-A3C3-CE5BA3CF2E53}"
EndProject
Project("{FAE04EC0-301F-11D3-BF4B-00C04F79EFBC}") = "Common.Logging", "Common.Logging\Common.Logging.csproj", "{2DEFD7A1-D5DE-42CE-8931-E30DBB0D2DA1}"
EndProject
Project("{2150E333-8FDC-42A3-9474-1A3956D46DE8}") = "Search", "Search", "{665A79A2-3413-42EA-B1C1-3E7F77021D92}"
EndProject
Project("{2150E333-8FDC-42A3-9474-1A3956D46DE8}") = "AiChat", "AiChat", "{6E9C15F7-29C8-4333-84BB-41F25C2D4441}"
EndProject
Project("{2150E333-8FDC-42A3-9474-1A3956D46DE8}") = "Identity", "Identity", "{2E41254E-0C76-4170-8825-C5D43AFBFFC0}"
EndProject
Project("{FAE04EC0-301F-11D3-BF4B-00C04F79EFBC}") = "AiChat.API", "AiChat.API\AiChat.API.csproj", "{44A5BD94-E208-4E8A-A7EA-1BFBDB68BCF4}"
EndProject
Project("{FAE04EC0-301F-11D3-BF4B-00C04F79EFBC}") = "AiChat.UnitTests", "AiChat.UnitTests\AiChat.UnitTests.csproj", "{F17DCB38-B00C-42E0-AEA8-D5F11EDBC38A}"
EndProject
Project("{FAE04EC0-301F-11D3-BF4B-00C04F79EFBC}") = "Identity.API", "Identity.API\Identity.API.csproj", "{5C2800AE-125B-4324-8E5B-B7E1CCDCDA80}"
EndProject
Project("{FAE04EC0-301F-11D3-BF4B-00C04F79EFBC}") = "Identity.UnitTests", "Identity.UnitTests\Identity.UnitTests.csproj", "{59393EF1-0F76-4D13-8238-FD4624F9A6D0}"
EndProject
Project("{FAE04EC0-301F-11D3-BF4B-00C04F79EFBC}") = "SearchingService.API", "SearchingService.API\SearchingService.API.csproj", "{42581DC7-02C0-4394-8541-6A56A908BAB6}"
EndProject
Project("{FAE04EC0-301F-11D3-BF4B-00C04F79EFBC}") = "SearchingService.UnitTests", "SearchingService.UnitTests\SearchingService.UnitTests.csproj", "{2FD8655F-69E3-4AEE-8562-0293137FC9BD}"
EndProject
Project("{FAE04EC0-301F-11D3-BF4B-00C04F79EFBC}") = "Domain.UnitTests", "Domain.UnitTests\Domain.UnitTests.csproj", "{A962147A-5228-4C21-BC95-C075BF4AA273}"
EndProject
Project("{FAE04EC0-301F-11D3-BF4B-00C04F79EFBC}") = "Common.Tests", "Common.Tests\Common.Tests.csproj", "{9E726856-8336-42C3-BC4A-A8F5EB6197E4}"
EndProject
Project("{FAE04EC0-301F-11D3-BF4B-00C04F79EFBC}") = "ServiceDefaults", "ServiceDefaults\ServiceDefaults.csproj", "{810B5E69-5BF1-4F98-BCE3-07C44EE9B487}"
EndProject
Project("{FAE04EC0-301F-11D3-BF4B-00C04F79EFBC}") = "AiGemini.API", "AiGemini.API\AiGemini.API.csproj", "{DA8B55E4-139B-4D66-A047-AB37228B5660}"
EndProject
Project("{2150E333-8FDC-42A3-9474-1A3956D46DE8}") = "AiGemini", "AiGemini", "{7B896792-8B34-4F96-B22A-86B4988D7CE1}"
EndProject
Project("{FAE04EC0-301F-11D3-BF4B-00C04F79EFBC}") = "Identity.IntegrationTests", "Identity.IntegrationTests\Identity.IntegrationTests.csproj", "{A187079A-806C-4D14-9EBF-3EE8036E39BA}"
EndProject
Project("{FAE04EC0-301F-11D3-BF4B-00C04F79EFBC}") = "Identity.FunctionalTests", "Identity.FunctionalTests\Identity.FunctionalTests.csproj", "{605C140B-2865-48DE-A92D-822EAD626422}"
EndProject
Global
	GlobalSection(SolutionConfigurationPlatforms) = preSolution
		Debug|Any CPU = Debug|Any CPU
		Release|Any CPU = Release|Any CPU
	EndGlobalSection
	GlobalSection(ProjectConfigurationPlatforms) = postSolution
		{3B280725-C1B5-48AF-B83C-7FC7CB599F8A}.Debug|Any CPU.ActiveCfg = Debug|Any CPU
		{3B280725-C1B5-48AF-B83C-7FC7CB599F8A}.Debug|Any CPU.Build.0 = Debug|Any CPU
		{3B280725-C1B5-48AF-B83C-7FC7CB599F8A}.Release|Any CPU.ActiveCfg = Release|Any CPU
		{3B280725-C1B5-48AF-B83C-7FC7CB599F8A}.Release|Any CPU.Build.0 = Release|Any CPU
		{3E2BD5D7-5DFF-40C6-AE30-5B2E1865CDC0}.Debug|Any CPU.ActiveCfg = Debug|Any CPU
		{3E2BD5D7-5DFF-40C6-AE30-5B2E1865CDC0}.Debug|Any CPU.Build.0 = Debug|Any CPU
		{3E2BD5D7-5DFF-40C6-AE30-5B2E1865CDC0}.Release|Any CPU.ActiveCfg = Release|Any CPU
		{3E2BD5D7-5DFF-40C6-AE30-5B2E1865CDC0}.Release|Any CPU.Build.0 = Release|Any CPU
		{F4FB9027-0FA7-4C91-823D-D356DA5FD2AE}.Debug|Any CPU.ActiveCfg = Debug|Any CPU
		{F4FB9027-0FA7-4C91-823D-D356DA5FD2AE}.Debug|Any CPU.Build.0 = Debug|Any CPU
		{F4FB9027-0FA7-4C91-823D-D356DA5FD2AE}.Release|Any CPU.ActiveCfg = Release|Any CPU
		{F4FB9027-0FA7-4C91-823D-D356DA5FD2AE}.Release|Any CPU.Build.0 = Release|Any CPU
		{CA995970-1BB1-4B0A-A1A7-608103FC305D}.Debug|Any CPU.ActiveCfg = Debug|Any CPU
		{CA995970-1BB1-4B0A-A1A7-608103FC305D}.Debug|Any CPU.Build.0 = Debug|Any CPU
		{CA995970-1BB1-4B0A-A1A7-608103FC305D}.Release|Any CPU.ActiveCfg = Release|Any CPU
		{CA995970-1BB1-4B0A-A1A7-608103FC305D}.Release|Any CPU.Build.0 = Release|Any CPU
		{58BE6B1E-9031-4EF4-908C-09C753B79B45}.Debug|Any CPU.ActiveCfg = Debug|Any CPU
		{58BE6B1E-9031-4EF4-908C-09C753B79B45}.Debug|Any CPU.Build.0 = Debug|Any CPU
		{58BE6B1E-9031-4EF4-908C-09C753B79B45}.Release|Any CPU.ActiveCfg = Release|Any CPU
		{58BE6B1E-9031-4EF4-908C-09C753B79B45}.Release|Any CPU.Build.0 = Release|Any CPU
		{2B55E65D-598B-4A54-ABF1-1E0744E1E978}.Debug|Any CPU.ActiveCfg = Debug|Any CPU
		{2B55E65D-598B-4A54-ABF1-1E0744E1E978}.Debug|Any CPU.Build.0 = Debug|Any CPU
		{2B55E65D-598B-4A54-ABF1-1E0744E1E978}.Release|Any CPU.ActiveCfg = Release|Any CPU
		{2B55E65D-598B-4A54-ABF1-1E0744E1E978}.Release|Any CPU.Build.0 = Release|Any CPU
		{34F6EB33-D5F7-4E33-86FF-90A9CC39162A}.Debug|Any CPU.ActiveCfg = Debug|Any CPU
		{34F6EB33-D5F7-4E33-86FF-90A9CC39162A}.Debug|Any CPU.Build.0 = Debug|Any CPU
		{34F6EB33-D5F7-4E33-86FF-90A9CC39162A}.Release|Any CPU.ActiveCfg = Release|Any CPU
		{34F6EB33-D5F7-4E33-86FF-90A9CC39162A}.Release|Any CPU.Build.0 = Release|Any CPU
		{2EB0F885-1E6A-4AD8-8050-00EEE2FB1351}.Debug|Any CPU.ActiveCfg = Debug|Any CPU
		{2EB0F885-1E6A-4AD8-8050-00EEE2FB1351}.Debug|Any CPU.Build.0 = Debug|Any CPU
		{2EB0F885-1E6A-4AD8-8050-00EEE2FB1351}.Release|Any CPU.ActiveCfg = Release|Any CPU
		{2EB0F885-1E6A-4AD8-8050-00EEE2FB1351}.Release|Any CPU.Build.0 = Release|Any CPU
		{CA4AC86A-1E9A-41E5-9716-B6F376C74167}.Debug|Any CPU.ActiveCfg = Debug|Any CPU
		{CA4AC86A-1E9A-41E5-9716-B6F376C74167}.Debug|Any CPU.Build.0 = Debug|Any CPU
		{CA4AC86A-1E9A-41E5-9716-B6F376C74167}.Release|Any CPU.ActiveCfg = Release|Any CPU
		{CA4AC86A-1E9A-41E5-9716-B6F376C74167}.Release|Any CPU.Build.0 = Release|Any CPU
		{3748C1AE-32B9-4A7C-AFD9-33621EAED21E}.Debug|Any CPU.ActiveCfg = Debug|Any CPU
		{3748C1AE-32B9-4A7C-AFD9-33621EAED21E}.Debug|Any CPU.Build.0 = Debug|Any CPU
		{3748C1AE-32B9-4A7C-AFD9-33621EAED21E}.Release|Any CPU.ActiveCfg = Release|Any CPU
		{3748C1AE-32B9-4A7C-AFD9-33621EAED21E}.Release|Any CPU.Build.0 = Release|Any CPU
		{C36D4C49-A520-489E-A3C3-CE5BA3CF2E53}.Debug|Any CPU.ActiveCfg = Debug|Any CPU
		{C36D4C49-A520-489E-A3C3-CE5BA3CF2E53}.Debug|Any CPU.Build.0 = Debug|Any CPU
		{C36D4C49-A520-489E-A3C3-CE5BA3CF2E53}.Release|Any CPU.ActiveCfg = Release|Any CPU
		{C36D4C49-A520-489E-A3C3-CE5BA3CF2E53}.Release|Any CPU.Build.0 = Release|Any CPU
		{2DEFD7A1-D5DE-42CE-8931-E30DBB0D2DA1}.Debug|Any CPU.ActiveCfg = Debug|Any CPU
		{2DEFD7A1-D5DE-42CE-8931-E30DBB0D2DA1}.Debug|Any CPU.Build.0 = Debug|Any CPU
		{2DEFD7A1-D5DE-42CE-8931-E30DBB0D2DA1}.Release|Any CPU.ActiveCfg = Release|Any CPU
		{2DEFD7A1-D5DE-42CE-8931-E30DBB0D2DA1}.Release|Any CPU.Build.0 = Release|Any CPU
		{44A5BD94-E208-4E8A-A7EA-1BFBDB68BCF4}.Debug|Any CPU.ActiveCfg = Debug|Any CPU
		{44A5BD94-E208-4E8A-A7EA-1BFBDB68BCF4}.Debug|Any CPU.Build.0 = Debug|Any CPU
		{44A5BD94-E208-4E8A-A7EA-1BFBDB68BCF4}.Release|Any CPU.ActiveCfg = Release|Any CPU
		{44A5BD94-E208-4E8A-A7EA-1BFBDB68BCF4}.Release|Any CPU.Build.0 = Release|Any CPU
		{F17DCB38-B00C-42E0-AEA8-D5F11EDBC38A}.Debug|Any CPU.ActiveCfg = Debug|Any CPU
		{F17DCB38-B00C-42E0-AEA8-D5F11EDBC38A}.Debug|Any CPU.Build.0 = Debug|Any CPU
		{F17DCB38-B00C-42E0-AEA8-D5F11EDBC38A}.Release|Any CPU.ActiveCfg = Release|Any CPU
		{F17DCB38-B00C-42E0-AEA8-D5F11EDBC38A}.Release|Any CPU.Build.0 = Release|Any CPU
		{5C2800AE-125B-4324-8E5B-B7E1CCDCDA80}.Debug|Any CPU.ActiveCfg = Debug|Any CPU
		{5C2800AE-125B-4324-8E5B-B7E1CCDCDA80}.Debug|Any CPU.Build.0 = Debug|Any CPU
		{5C2800AE-125B-4324-8E5B-B7E1CCDCDA80}.Release|Any CPU.ActiveCfg = Release|Any CPU
		{5C2800AE-125B-4324-8E5B-B7E1CCDCDA80}.Release|Any CPU.Build.0 = Release|Any CPU
		{59393EF1-0F76-4D13-8238-FD4624F9A6D0}.Debug|Any CPU.ActiveCfg = Debug|Any CPU
		{59393EF1-0F76-4D13-8238-FD4624F9A6D0}.Debug|Any CPU.Build.0 = Debug|Any CPU
		{59393EF1-0F76-4D13-8238-FD4624F9A6D0}.Release|Any CPU.ActiveCfg = Release|Any CPU
		{59393EF1-0F76-4D13-8238-FD4624F9A6D0}.Release|Any CPU.Build.0 = Release|Any CPU
		{42581DC7-02C0-4394-8541-6A56A908BAB6}.Debug|Any CPU.ActiveCfg = Debug|Any CPU
		{42581DC7-02C0-4394-8541-6A56A908BAB6}.Debug|Any CPU.Build.0 = Debug|Any CPU
		{42581DC7-02C0-4394-8541-6A56A908BAB6}.Release|Any CPU.ActiveCfg = Release|Any CPU
		{42581DC7-02C0-4394-8541-6A56A908BAB6}.Release|Any CPU.Build.0 = Release|Any CPU
		{2FD8655F-69E3-4AEE-8562-0293137FC9BD}.Debug|Any CPU.ActiveCfg = Debug|Any CPU
		{2FD8655F-69E3-4AEE-8562-0293137FC9BD}.Debug|Any CPU.Build.0 = Debug|Any CPU
		{2FD8655F-69E3-4AEE-8562-0293137FC9BD}.Release|Any CPU.ActiveCfg = Release|Any CPU
		{2FD8655F-69E3-4AEE-8562-0293137FC9BD}.Release|Any CPU.Build.0 = Release|Any CPU
		{A962147A-5228-4C21-BC95-C075BF4AA273}.Debug|Any CPU.ActiveCfg = Debug|Any CPU
		{A962147A-5228-4C21-BC95-C075BF4AA273}.Debug|Any CPU.Build.0 = Debug|Any CPU
		{A962147A-5228-4C21-BC95-C075BF4AA273}.Release|Any CPU.ActiveCfg = Release|Any CPU
		{A962147A-5228-4C21-BC95-C075BF4AA273}.Release|Any CPU.Build.0 = Release|Any CPU
		{9E726856-8336-42C3-BC4A-A8F5EB6197E4}.Debug|Any CPU.ActiveCfg = Debug|Any CPU
		{9E726856-8336-42C3-BC4A-A8F5EB6197E4}.Debug|Any CPU.Build.0 = Debug|Any CPU
		{9E726856-8336-42C3-BC4A-A8F5EB6197E4}.Release|Any CPU.ActiveCfg = Release|Any CPU
		{9E726856-8336-42C3-BC4A-A8F5EB6197E4}.Release|Any CPU.Build.0 = Release|Any CPU
		{810B5E69-5BF1-4F98-BCE3-07C44EE9B487}.Debug|Any CPU.ActiveCfg = Debug|Any CPU
		{810B5E69-5BF1-4F98-BCE3-07C44EE9B487}.Debug|Any CPU.Build.0 = Debug|Any CPU
		{810B5E69-5BF1-4F98-BCE3-07C44EE9B487}.Release|Any CPU.ActiveCfg = Release|Any CPU
		{810B5E69-5BF1-4F98-BCE3-07C44EE9B487}.Release|Any CPU.Build.0 = Release|Any CPU
		{DA8B55E4-139B-4D66-A047-AB37228B5660}.Debug|Any CPU.ActiveCfg = Debug|Any CPU
		{DA8B55E4-139B-4D66-A047-AB37228B5660}.Debug|Any CPU.Build.0 = Debug|Any CPU
		{DA8B55E4-139B-4D66-A047-AB37228B5660}.Release|Any CPU.ActiveCfg = Release|Any CPU
		{DA8B55E4-139B-4D66-A047-AB37228B5660}.Release|Any CPU.Build.0 = Release|Any CPU
		{A187079A-806C-4D14-9EBF-3EE8036E39BA}.Debug|Any CPU.ActiveCfg = Debug|Any CPU
		{A187079A-806C-4D14-9EBF-3EE8036E39BA}.Debug|Any CPU.Build.0 = Debug|Any CPU
		{A187079A-806C-4D14-9EBF-3EE8036E39BA}.Release|Any CPU.ActiveCfg = Release|Any CPU
		{A187079A-806C-4D14-9EBF-3EE8036E39BA}.Release|Any CPU.Build.0 = Release|Any CPU
		{605C140B-2865-48DE-A92D-822EAD626422}.Debug|Any CPU.ActiveCfg = Debug|Any CPU
		{605C140B-2865-48DE-A92D-822EAD626422}.Debug|Any CPU.Build.0 = Debug|Any CPU
		{605C140B-2865-48DE-A92D-822EAD626422}.Release|Any CPU.ActiveCfg = Release|Any CPU
		{605C140B-2865-48DE-A92D-822EAD626422}.Release|Any CPU.Build.0 = Release|Any CPU
	EndGlobalSection
	GlobalSection(NestedProjects) = preSolution
		{35EE44B2-232C-48DD-AA63-C6400A6DE4CC} = {AEE01FDA-146E-49A7-B521-EC2F9ED523AD}
		{AE8CDA61-4041-43AF-9145-9EE7C6C057FD} = {AEE01FDA-146E-49A7-B521-EC2F9ED523AD}
		{519B05EB-18AA-43D8-8F50-678A775658AA} = {AEE01FDA-146E-49A7-B521-EC2F9ED523AD}
		{3E2BD5D7-5DFF-40C6-AE30-5B2E1865CDC0} = {519B05EB-18AA-43D8-8F50-678A775658AA}
		{2877A2C1-53FE-4942-9BC7-9D7AFFC06101} = {AEE01FDA-146E-49A7-B521-EC2F9ED523AD}
		{AE2FCB8A-F04C-492B-9574-B88B07D6AFF2} = {AEE01FDA-146E-49A7-B521-EC2F9ED523AD}
		{6D65970B-BCCA-4D04-8016-7FE2EE5A03C9} = {AE2FCB8A-F04C-492B-9574-B88B07D6AFF2}
		{F4FB9027-0FA7-4C91-823D-D356DA5FD2AE} = {AE2FCB8A-F04C-492B-9574-B88B07D6AFF2}
		{CA995970-1BB1-4B0A-A1A7-608103FC305D} = {AE2FCB8A-F04C-492B-9574-B88B07D6AFF2}
		{58BE6B1E-9031-4EF4-908C-09C753B79B45} = {AE2FCB8A-F04C-492B-9574-B88B07D6AFF2}
		{2B55E65D-598B-4A54-ABF1-1E0744E1E978} = {AE2FCB8A-F04C-492B-9574-B88B07D6AFF2}
		{34F6EB33-D5F7-4E33-86FF-90A9CC39162A} = {AE2FCB8A-F04C-492B-9574-B88B07D6AFF2}
		{2EB0F885-1E6A-4AD8-8050-00EEE2FB1351} = {AE2FCB8A-F04C-492B-9574-B88B07D6AFF2}
		{CA4AC86A-1E9A-41E5-9716-B6F376C74167} = {2877A2C1-53FE-4942-9BC7-9D7AFFC06101}
		{3748C1AE-32B9-4A7C-AFD9-33621EAED21E} = {35EE44B2-232C-48DD-AA63-C6400A6DE4CC}
		{C36D4C49-A520-489E-A3C3-CE5BA3CF2E53} = {2877A2C1-53FE-4942-9BC7-9D7AFFC06101}
		{2DEFD7A1-D5DE-42CE-8931-E30DBB0D2DA1} = {2877A2C1-53FE-4942-9BC7-9D7AFFC06101}
		{665A79A2-3413-42EA-B1C1-3E7F77021D92} = {AE8CDA61-4041-43AF-9145-9EE7C6C057FD}
		{6E9C15F7-29C8-4333-84BB-41F25C2D4441} = {AE8CDA61-4041-43AF-9145-9EE7C6C057FD}
		{2E41254E-0C76-4170-8825-C5D43AFBFFC0} = {AE8CDA61-4041-43AF-9145-9EE7C6C057FD}
		{44A5BD94-E208-4E8A-A7EA-1BFBDB68BCF4} = {6E9C15F7-29C8-4333-84BB-41F25C2D4441}
		{F17DCB38-B00C-42E0-AEA8-D5F11EDBC38A} = {6E9C15F7-29C8-4333-84BB-41F25C2D4441}
		{5C2800AE-125B-4324-8E5B-B7E1CCDCDA80} = {2E41254E-0C76-4170-8825-C5D43AFBFFC0}
		{59393EF1-0F76-4D13-8238-FD4624F9A6D0} = {2E41254E-0C76-4170-8825-C5D43AFBFFC0}
		{42581DC7-02C0-4394-8541-6A56A908BAB6} = {665A79A2-3413-42EA-B1C1-3E7F77021D92}
		{2FD8655F-69E3-4AEE-8562-0293137FC9BD} = {665A79A2-3413-42EA-B1C1-3E7F77021D92}
		{A962147A-5228-4C21-BC95-C075BF4AA273} = {6D65970B-BCCA-4D04-8016-7FE2EE5A03C9}
		{9E726856-8336-42C3-BC4A-A8F5EB6197E4} = {6D65970B-BCCA-4D04-8016-7FE2EE5A03C9}
		{810B5E69-5BF1-4F98-BCE3-07C44EE9B487} = {AE2FCB8A-F04C-492B-9574-B88B07D6AFF2}
		{7B896792-8B34-4F96-B22A-86B4988D7CE1} = {AE8CDA61-4041-43AF-9145-9EE7C6C057FD}
		{DA8B55E4-139B-4D66-A047-AB37228B5660} = {7B896792-8B34-4F96-B22A-86B4988D7CE1}
		{A187079A-806C-4D14-9EBF-3EE8036E39BA} = {2E41254E-0C76-4170-8825-C5D43AFBFFC0}
		{605C140B-2865-48DE-A92D-822EAD626422} = {2E41254E-0C76-4170-8825-C5D43AFBFFC0}
	EndGlobalSection
EndGlobal
